{
  "name": "demand-auth",
  "version": "1.0.0",
  "lockfileVersion": 1,
  "requires": true,
  "dependencies": {
    "statuses": {
      "version": "2.0.0",
      "resolved": "https://registry.npmjs.org/statuses/-/statuses-2.0.0.tgz",
      "integrity": "sha512-w9jNUUQdpuVoYqXxnyOakhckBbOxRaoYqJscyIBYCS5ixyCnO7nQn7zBZvP9zf5QOPZcz2DLUpE3KsNPbJBOFA=="
    }
  }
}
